
Microsoft Visual Studio Solution File, Format Version 12.00
# Visual Studio Version 16
VisualStudioVersion = 16.0.31129.286
MinimumVisualStudioVersion = 10.0.40219.1
Project("{2150E333-8FDC-42A3-9474-1A3956D46DE8}") = "Services", "Services", "{918A0BCF-5687-45D2-853D-26F5193A8D00}"
EndProject
Project("{2150E333-8FDC-42A3-9474-1A3956D46DE8}") = "Catalog", "Catalog", "{39B1B1F8-2613-4FFF-860B-A7A09D7F0A6B}"
EndProject
Project("{9A19103F-16F7-4668-BE54-9A1E7A4F7556}") = "ECommerce.Services.Catalog", "Services\Catalog\ECommerce.Services.Catalog\ECommerce.Services.Catalog.csproj", "{E3C58A9A-891C-4E5F-AB59-77C53D52E5AA}"
EndProject
Project("{2150E333-8FDC-42A3-9474-1A3956D46DE8}") = "Solution Items", "Solution Items", "{6B26E10F-1735-488D-910C-C8BAE814D558}"
	ProjectSection(SolutionItems) = preProject
		Ports.txt = Ports.txt
	EndProjectSection
EndProject
Project("{2150E333-8FDC-42A3-9474-1A3956D46DE8}") = "Shared", "Shared", "{77C9DADB-3CC1-4846-9328-182C00DDB41F}"
EndProject
Project("{9A19103F-16F7-4668-BE54-9A1E7A4F7556}") = "ECommerce.Shared", "Shared\ECommerce.Shared\ECommerce.Shared.csproj", "{E4BFABCE-8DEC-4A0E-9009-7F5AC69EB27F}"
EndProject
Project("{2150E333-8FDC-42A3-9474-1A3956D46DE8}") = "IdentityServer", "IdentityServer", "{4E93F8F7-E6AA-4232-8E04-739597BC680F}"
EndProject
Project("{9A19103F-16F7-4668-BE54-9A1E7A4F7556}") = "ECommerce.IdentityServer", "IdentityServer\ECommerce.IdentityServer\ECommerce.IdentityServer.csproj", "{22C09997-9C23-4EDC-9A66-F701EB9ED1B6}"
EndProject
Project("{2150E333-8FDC-42A3-9474-1A3956D46DE8}") = "PhotoStock", "PhotoStock", "{97F602BB-5AE3-4531-A515-9E7E5DB70280}"
EndProject
Project("{9A19103F-16F7-4668-BE54-9A1E7A4F7556}") = "ECommerce.Services.PhotoStock", "Services\PhotoStock\ECommerce.Services.PhotoStock\ECommerce.Services.PhotoStock.csproj", "{715BC4C6-A55D-434B-8963-5C8DDFA262F3}"
EndProject
Project("{2150E333-8FDC-42A3-9474-1A3956D46DE8}") = "Basket", "Basket", "{9AB2D2BB-23A5-4571-A316-645BAA1E5FD6}"
EndProject
Project("{9A19103F-16F7-4668-BE54-9A1E7A4F7556}") = "ECommerce.Services.Basket", "Services\Basket\ECommerce.Services.Basket\ECommerce.Services.Basket.csproj", "{09D61DD4-11CD-416A-AE2D-EADE0E3E1B63}"
EndProject
Project("{2150E333-8FDC-42A3-9474-1A3956D46DE8}") = "Discount", "Discount", "{B821D771-AA19-494B-AE5E-EA89A4C287AF}"
EndProject
Project("{9A19103F-16F7-4668-BE54-9A1E7A4F7556}") = "ECommerce.Services.Discount", "Services\Discount\ECommerce.Services.Discount\ECommerce.Services.Discount.csproj", "{C8D736FF-576E-443B-9EFE-54E54F3D6D0D}"
EndProject
Project("{2150E333-8FDC-42A3-9474-1A3956D46DE8}") = "Order", "Order", "{12B5BE2E-A84B-4698-B7DD-F008D2507B28}"
EndProject
Project("{9A19103F-16F7-4668-BE54-9A1E7A4F7556}") = "ECommerce.Services.Order.API", "Services\Order\ECommerce.Services.Order.API\ECommerce.Services.Order.API.csproj", "{32709099-1850-48F0-B7E3-64D7782CEE52}"
EndProject
Project("{9A19103F-16F7-4668-BE54-9A1E7A4F7556}") = "ECommerce.Services.Order.Application", "Services\Order\ECommerce.Services.Order.Application\ECommerce.Services.Order.Application.csproj", "{03366B51-E138-4AF1-88BE-87D9D68686DF}"
EndProject
Project("{9A19103F-16F7-4668-BE54-9A1E7A4F7556}") = "ECommerce.Services.Order.Domain", "Services\Order\ECommerce.Services.Order.Domain\ECommerce.Services.Order.Domain.csproj", "{8F248A2C-B423-43CD-B140-E73E9EC28170}"
EndProject
Project("{9A19103F-16F7-4668-BE54-9A1E7A4F7556}") = "ECommerce.Services.Order.Domain.Core", "Services\Order\ECommerce.Services.Order.Domain.Core\ECommerce.Services.Order.Domain.Core.csproj", "{90DF8594-E983-4373-B7E2-08CC70B99646}"
EndProject
Project("{9A19103F-16F7-4668-BE54-9A1E7A4F7556}") = "ECommerce.Services.Order.Infrastructure", "Services\Order\ECommerce.Services.Order.Infrastructure\ECommerce.Services.Order.Infrastructure.csproj", "{D83DDA7A-7F32-4CD9-AF76-6D411F35D3B3}"
EndProject
Project("{2150E333-8FDC-42A3-9474-1A3956D46DE8}") = "FakePayment", "FakePayment", "{577FE88E-050C-4727-9D77-B456493A49B7}"
EndProject
Project("{9A19103F-16F7-4668-BE54-9A1E7A4F7556}") = "ECommerce.Services.FakePayment", "Services\FakePayment\ECommerce.Services.FakePayment\ECommerce.Services.FakePayment.csproj", "{54CC065D-E3E0-4F75-A8A1-0DCEBF3F4E42}"
EndProject
Project("{2150E333-8FDC-42A3-9474-1A3956D46DE8}") = "Gateways", "Gateways", "{D538630A-D233-4B67-81A3-EE4DA34AD69F}"
EndProject
Project("{FAE04EC0-301F-11D3-BF4B-00C04F79EFBC}") = "ECommerce.Gateway", "Gateway\ECommerce.Gateway\ECommerce.Gateway.csproj", "{123262C8-8FE6-456E-BE1E-E23094001365}"
EndProject
Project("{2150E333-8FDC-42A3-9474-1A3956D46DE8}") = "Frontends", "Frontends", "{95A032D9-F379-4A7D-9DB4-B10C60A05A2C}"
EndProject
Project("{FAE04EC0-301F-11D3-BF4B-00C04F79EFBC}") = "ECommerce.Web", "Frontends\ECommerce.Web\ECommerce.Web.csproj", "{31400665-FDC0-4090-A3DA-120A025D2B9E}"
EndProject
Global
	GlobalSection(SolutionConfigurationPlatforms) = preSolution
		Debug|Any CPU = Debug|Any CPU
		Release|Any CPU = Release|Any CPU
	EndGlobalSection
	GlobalSection(ProjectConfigurationPlatforms) = postSolution
		{E3C58A9A-891C-4E5F-AB59-77C53D52E5AA}.Debug|Any CPU.ActiveCfg = Debug|Any CPU
		{E3C58A9A-891C-4E5F-AB59-77C53D52E5AA}.Debug|Any CPU.Build.0 = Debug|Any CPU
		{E3C58A9A-891C-4E5F-AB59-77C53D52E5AA}.Release|Any CPU.ActiveCfg = Release|Any CPU
		{E3C58A9A-891C-4E5F-AB59-77C53D52E5AA}.Release|Any CPU.Build.0 = Release|Any CPU
		{E4BFABCE-8DEC-4A0E-9009-7F5AC69EB27F}.Debug|Any CPU.ActiveCfg = Debug|Any CPU
		{E4BFABCE-8DEC-4A0E-9009-7F5AC69EB27F}.Debug|Any CPU.Build.0 = Debug|Any CPU
		{E4BFABCE-8DEC-4A0E-9009-7F5AC69EB27F}.Release|Any CPU.ActiveCfg = Release|Any CPU
		{E4BFABCE-8DEC-4A0E-9009-7F5AC69EB27F}.Release|Any CPU.Build.0 = Release|Any CPU
		{22C09997-9C23-4EDC-9A66-F701EB9ED1B6}.Debug|Any CPU.ActiveCfg = Debug|Any CPU
		{22C09997-9C23-4EDC-9A66-F701EB9ED1B6}.Debug|Any CPU.Build.0 = Debug|Any CPU
		{22C09997-9C23-4EDC-9A66-F701EB9ED1B6}.Release|Any CPU.ActiveCfg = Release|Any CPU
		{22C09997-9C23-4EDC-9A66-F701EB9ED1B6}.Release|Any CPU.Build.0 = Release|Any CPU
		{715BC4C6-A55D-434B-8963-5C8DDFA262F3}.Debug|Any CPU.ActiveCfg = Debug|Any CPU
		{715BC4C6-A55D-434B-8963-5C8DDFA262F3}.Debug|Any CPU.Build.0 = Debug|Any CPU
		{715BC4C6-A55D-434B-8963-5C8DDFA262F3}.Release|Any CPU.ActiveCfg = Release|Any CPU
		{715BC4C6-A55D-434B-8963-5C8DDFA262F3}.Release|Any CPU.Build.0 = Release|Any CPU
		{09D61DD4-11CD-416A-AE2D-EADE0E3E1B63}.Debug|Any CPU.ActiveCfg = Debug|Any CPU
		{09D61DD4-11CD-416A-AE2D-EADE0E3E1B63}.Debug|Any CPU.Build.0 = Debug|Any CPU
		{09D61DD4-11CD-416A-AE2D-EADE0E3E1B63}.Release|Any CPU.ActiveCfg = Release|Any CPU
		{09D61DD4-11CD-416A-AE2D-EADE0E3E1B63}.Release|Any CPU.Build.0 = Release|Any CPU
		{C8D736FF-576E-443B-9EFE-54E54F3D6D0D}.Debug|Any CPU.ActiveCfg = Debug|Any CPU
		{C8D736FF-576E-443B-9EFE-54E54F3D6D0D}.Debug|Any CPU.Build.0 = Debug|Any CPU
		{C8D736FF-576E-443B-9EFE-54E54F3D6D0D}.Release|Any CPU.ActiveCfg = Release|Any CPU
		{C8D736FF-576E-443B-9EFE-54E54F3D6D0D}.Release|Any CPU.Build.0 = Release|Any CPU
		{32709099-1850-48F0-B7E3-64D7782CEE52}.Debug|Any CPU.ActiveCfg = Debug|Any CPU
		{32709099-1850-48F0-B7E3-64D7782CEE52}.Debug|Any CPU.Build.0 = Debug|Any CPU
		{32709099-1850-48F0-B7E3-64D7782CEE52}.Release|Any CPU.ActiveCfg = Release|Any CPU
		{32709099-1850-48F0-B7E3-64D7782CEE52}.Release|Any CPU.Build.0 = Release|Any CPU
		{03366B51-E138-4AF1-88BE-87D9D68686DF}.Debug|Any CPU.ActiveCfg = Debug|Any CPU
		{03366B51-E138-4AF1-88BE-87D9D68686DF}.Debug|Any CPU.Build.0 = Debug|Any CPU
		{03366B51-E138-4AF1-88BE-87D9D68686DF}.Release|Any CPU.ActiveCfg = Release|Any CPU
		{03366B51-E138-4AF1-88BE-87D9D68686DF}.Release|Any CPU.Build.0 = Release|Any CPU
		{8F248A2C-B423-43CD-B140-E73E9EC28170}.Debug|Any CPU.ActiveCfg = Debug|Any CPU
		{8F248A2C-B423-43CD-B140-E73E9EC28170}.Debug|Any CPU.Build.0 = Debug|Any CPU
		{8F248A2C-B423-43CD-B140-E73E9EC28170}.Release|Any CPU.ActiveCfg = Release|Any CPU
		{8F248A2C-B423-43CD-B140-E73E9EC28170}.Release|Any CPU.Build.0 = Release|Any CPU
		{90DF8594-E983-4373-B7E2-08CC70B99646}.Debug|Any CPU.ActiveCfg = Debug|Any CPU
		{90DF8594-E983-4373-B7E2-08CC70B99646}.Debug|Any CPU.Build.0 = Debug|Any CPU
		{90DF8594-E983-4373-B7E2-08CC70B99646}.Release|Any CPU.ActiveCfg = Release|Any CPU
		{90DF8594-E983-4373-B7E2-08CC70B99646}.Release|Any CPU.Build.0 = Release|Any CPU
		{D83DDA7A-7F32-4CD9-AF76-6D411F35D3B3}.Debug|Any CPU.ActiveCfg = Debug|Any CPU
		{D83DDA7A-7F32-4CD9-AF76-6D411F35D3B3}.Debug|Any CPU.Build.0 = Debug|Any CPU
		{D83DDA7A-7F32-4CD9-AF76-6D411F35D3B3}.Release|Any CPU.ActiveCfg = Release|Any CPU
		{D83DDA7A-7F32-4CD9-AF76-6D411F35D3B3}.Release|Any CPU.Build.0 = Release|Any CPU
		{54CC065D-E3E0-4F75-A8A1-0DCEBF3F4E42}.Debug|Any CPU.ActiveCfg = Debug|Any CPU
		{54CC065D-E3E0-4F75-A8A1-0DCEBF3F4E42}.Debug|Any CPU.Build.0 = Debug|Any CPU
		{54CC065D-E3E0-4F75-A8A1-0DCEBF3F4E42}.Release|Any CPU.ActiveCfg = Release|Any CPU
		{54CC065D-E3E0-4F75-A8A1-0DCEBF3F4E42}.Release|Any CPU.Build.0 = Release|Any CPU
		{123262C8-8FE6-456E-BE1E-E23094001365}.Debug|Any CPU.ActiveCfg = Debug|Any CPU
		{123262C8-8FE6-456E-BE1E-E23094001365}.Debug|Any CPU.Build.0 = Debug|Any CPU
		{123262C8-8FE6-456E-BE1E-E23094001365}.Release|Any CPU.ActiveCfg = Release|Any CPU
		{123262C8-8FE6-456E-BE1E-E23094001365}.Release|Any CPU.Build.0 = Release|Any CPU
		{31400665-FDC0-4090-A3DA-120A025D2B9E}.Debug|Any CPU.ActiveCfg = Debug|Any CPU
		{31400665-FDC0-4090-A3DA-120A025D2B9E}.Debug|Any CPU.Build.0 = Debug|Any CPU
		{31400665-FDC0-4090-A3DA-120A025D2B9E}.Release|Any CPU.ActiveCfg = Release|Any CPU
		{31400665-FDC0-4090-A3DA-120A025D2B9E}.Release|Any CPU.Build.0 = Release|Any CPU
	EndGlobalSection
	GlobalSection(SolutionProperties) = preSolution
		HideSolutionNode = FALSE
	EndGlobalSection
	GlobalSection(NestedProjects) = preSolution
		{39B1B1F8-2613-4FFF-860B-A7A09D7F0A6B} = {918A0BCF-5687-45D2-853D-26F5193A8D00}
		{E3C58A9A-891C-4E5F-AB59-77C53D52E5AA} = {39B1B1F8-2613-4FFF-860B-A7A09D7F0A6B}
		{E4BFABCE-8DEC-4A0E-9009-7F5AC69EB27F} = {77C9DADB-3CC1-4846-9328-182C00DDB41F}
		{22C09997-9C23-4EDC-9A66-F701EB9ED1B6} = {4E93F8F7-E6AA-4232-8E04-739597BC680F}
		{97F602BB-5AE3-4531-A515-9E7E5DB70280} = {918A0BCF-5687-45D2-853D-26F5193A8D00}
		{715BC4C6-A55D-434B-8963-5C8DDFA262F3} = {97F602BB-5AE3-4531-A515-9E7E5DB70280}
		{9AB2D2BB-23A5-4571-A316-645BAA1E5FD6} = {918A0BCF-5687-45D2-853D-26F5193A8D00}
		{09D61DD4-11CD-416A-AE2D-EADE0E3E1B63} = {9AB2D2BB-23A5-4571-A316-645BAA1E5FD6}
		{B821D771-AA19-494B-AE5E-EA89A4C287AF} = {918A0BCF-5687-45D2-853D-26F5193A8D00}
		{C8D736FF-576E-443B-9EFE-54E54F3D6D0D} = {B821D771-AA19-494B-AE5E-EA89A4C287AF}
		{12B5BE2E-A84B-4698-B7DD-F008D2507B28} = {918A0BCF-5687-45D2-853D-26F5193A8D00}
		{32709099-1850-48F0-B7E3-64D7782CEE52} = {12B5BE2E-A84B-4698-B7DD-F008D2507B28}
		{03366B51-E138-4AF1-88BE-87D9D68686DF} = {12B5BE2E-A84B-4698-B7DD-F008D2507B28}
		{8F248A2C-B423-43CD-B140-E73E9EC28170} = {12B5BE2E-A84B-4698-B7DD-F008D2507B28}
		{90DF8594-E983-4373-B7E2-08CC70B99646} = {12B5BE2E-A84B-4698-B7DD-F008D2507B28}
		{D83DDA7A-7F32-4CD9-AF76-6D411F35D3B3} = {12B5BE2E-A84B-4698-B7DD-F008D2507B28}
		{577FE88E-050C-4727-9D77-B456493A49B7} = {918A0BCF-5687-45D2-853D-26F5193A8D00}
		{54CC065D-E3E0-4F75-A8A1-0DCEBF3F4E42} = {577FE88E-050C-4727-9D77-B456493A49B7}
		{123262C8-8FE6-456E-BE1E-E23094001365} = {D538630A-D233-4B67-81A3-EE4DA34AD69F}
		{31400665-FDC0-4090-A3DA-120A025D2B9E} = {95A032D9-F379-4A7D-9DB4-B10C60A05A2C}
	EndGlobalSection
	GlobalSection(ExtensibilityGlobals) = postSolution
		SolutionGuid = {EFDFE496-B399-4080-A367-3289F145B6C0}
	EndGlobalSection
EndGlobal
